
Microsoft Visual Studio Solution File, Format Version 12.00
# Visual Studio 15
VisualStudioVersion = 15.0.28010.2036
MinimumVisualStudioVersion = 10.0.40219.1
Project("{FAE04EC0-301F-11D3-BF4B-00C04F79EFBC}") = "example_8_server", "example_8_server.csproj", "{22614F79-1B59-456A-8DB7-96E36237BC04}"
EndProject
Project("{FAE04EC0-301F-11D3-BF4B-00C04F79EFBC}") = "example_8_client_wpf", "..\example_8_client_wpf\example_8_client_wpf.csproj", "{3A341C9A-787F-45E4-84E2-3D6FCA575572}"
EndProject
Project("{FAE04EC0-301F-11D3-BF4B-00C04F79EFBC}") = "example_8_client_console", "example_8_client_console\example_8_client_console.csproj", "{C0C482C0-C57C-433F-A4AB-2FB6AF35F175}"
EndProject
Global
	GlobalSection(SolutionConfigurationPlatforms) = preSolution
		Debug|Any CPU = Debug|Any CPU
		Release|Any CPU = Release|Any CPU
	EndGlobalSection
	GlobalSection(ProjectConfigurationPlatforms) = postSolution
		{22614F79-1B59-456A-8DB7-96E36237BC04}.Debug|Any CPU.ActiveCfg = Debug|Any CPU
		{22614F79-1B59-456A-8DB7-96E36237BC04}.Debug|Any CPU.Build.0 = Debug|Any CPU
		{22614F79-1B59-456A-8DB7-96E36237BC04}.Release|Any CPU.ActiveCfg = Release|Any CPU
		{22614F79-1B59-456A-8DB7-96E36237BC04}.Release|Any CPU.Build.0 = Release|Any CPU
		{3A341C9A-787F-45E4-84E2-3D6FCA575572}.Debug|Any CPU.ActiveCfg = Debug|Any CPU
		{3A341C9A-787F-45E4-84E2-3D6FCA575572}.Debug|Any CPU.Build.0 = Debug|Any CPU
		{3A341C9A-787F-45E4-84E2-3D6FCA575572}.Release|Any CPU.ActiveCfg = Release|Any CPU
		{3A341C9A-787F-45E4-84E2-3D6FCA575572}.Release|Any CPU.Build.0 = Release|Any CPU
		{C0C482C0-C57C-433F-A4AB-2FB6AF35F175}.Debug|Any CPU.ActiveCfg = Debug|Any CPU
		{C0C482C0-C57C-433F-A4AB-2FB6AF35F175}.Debug|Any CPU.Build.0 = Debug|Any CPU
		{C0C482C0-C57C-433F-A4AB-2FB6AF35F175}.Release|Any CPU.ActiveCfg = Release|Any CPU
		{C0C482C0-C57C-433F-A4AB-2FB6AF35F175}.Release|Any CPU.Build.0 = Release|Any CPU
	EndGlobalSection
	GlobalSection(SolutionProperties) = preSolution
		HideSolutionNode = FALSE
	EndGlobalSection
	GlobalSection(ExtensibilityGlobals) = postSolution
		SolutionGuid = {D7F72240-74B0-4F3E-99B4-4CC7895C554D}
	EndGlobalSection
EndGlobal
